// !$*UTF8*$!
{
	archiveVersion = 1;
	classes = {
	};
	objectVersion = 48;
	objects = {

/* Begin PBXBuildFile section */
		5E537F1D1FB133800087B309 /* backItemImage@2x.png in Resources */ = {isa = PBXBuildFile; fileRef = 5E537F121FB1337A0087B309 /* backItemImage@2x.png */; };
		5E537F1E1FB133800087B309 /* backItemImage_hl@2x.png in Resources */ = {isa = PBXBuildFile; fileRef = 5E537F131FB1337A0087B309 /* backItemImage_hl@2x.png */; };
		5E537F211FB133800087B309 /* RxWebViewController.m in Sources */ = {isa = PBXBuildFile; fileRef = 5E537F1A1FB1337A0087B309 /* RxWebViewController.m */; };
		5E537F221FB133800087B309 /* RxWebViewNavigationViewController.m in Sources */ = {isa = PBXBuildFile; fileRef = 5E537F1C1FB1337A0087B309 /* RxWebViewNavigationViewController.m */; };
		7A4387695A195F5CD62737C1 /* libPods-Dmeo4.a in Frameworks */ = {isa = PBXBuildFile; fileRef = C57E191C59B927DAFD00D74D /* libPods-Dmeo4.a */; };
		CE5D74A81FB1522100C7C832 /* XKNavigationController.m in Sources */ = {isa = PBXBuildFile; fileRef = CE5D74A71FB1522100C7C832 /* XKNavigationController.m */; };
		CE5D74B51FB18B2F00C7C832 /* XKCommonShareChannelSelectionView.m in Sources */ = {isa = PBXBuildFile; fileRef = CE5D74B21FB18B2F00C7C832 /* XKCommonShareChannelSelectionView.m */; };
		CE5D74B61FB18B2F00C7C832 /* XKShareButton.m in Sources */ = {isa = PBXBuildFile; fileRef = CE5D74B41FB18B2F00C7C832 /* XKShareButton.m */; };
		CEB4FB4E1FB089F6001B59E1 /* AppDelegate.m in Sources */ = {isa = PBXBuildFile; fileRef = CEB4FB4D1FB089F6001B59E1 /* AppDelegate.m */; };
		CEB4FB511FB089F6001B59E1 /* ViewController.m in Sources */ = {isa = PBXBuildFile; fileRef = CEB4FB501FB089F6001B59E1 /* ViewController.m */; };
		CEB4FB541FB089F6001B59E1 /* Main.storyboard in Resources */ = {isa = PBXBuildFile; fileRef = CEB4FB521FB089F6001B59E1 /* Main.storyboard */; };
		CEB4FB561FB089F6001B59E1 /* Assets.xcassets in Resources */ = {isa = PBXBuildFile; fileRef = CEB4FB551FB089F6001B59E1 /* Assets.xcassets */; };
		CEB4FB591FB089F6001B59E1 /* LaunchScreen.storyboard in Resources */ = {isa = PBXBuildFile; fileRef = CEB4FB571FB089F6001B59E1 /* LaunchScreen.storyboard */; };
		CEB4FB5C1FB089F6001B59E1 /* main.m in Sources */ = {isa = PBXBuildFile; fileRef = CEB4FB5B1FB089F6001B59E1 /* main.m */; };
		CEB4FB681FB08D0E001B59E1 /* NJKWebViewProgress.m in Sources */ = {isa = PBXBuildFile; fileRef = CEB4FB651FB08D0E001B59E1 /* NJKWebViewProgress.m */; };
		CEB4FB691FB08D0E001B59E1 /* NJKWebViewProgressView.m in Sources */ = {isa = PBXBuildFile; fileRef = CEB4FB671FB08D0E001B59E1 /* NJKWebViewProgressView.m */; };
		CEB4FB6C1FB08D3E001B59E1 /* XKWebViewController.m in Sources */ = {isa = PBXBuildFile; fileRef = CEB4FB6B1FB08D3E001B59E1 /* XKWebViewController.m */; };
/* End PBXBuildFile section */

/* Begin PBXFileReference section */
		36DE26770A608FC29DA87ED9 /* Pods-Dmeo4.debug.xcconfig */ = {isa = PBXFileReference; includeInIndex = 1; lastKnownFileType = text.xcconfig; name = "Pods-Dmeo4.debug.xcconfig"; path = "Pods/Target Support Files/Pods-Dmeo4/Pods-Dmeo4.debug.xcconfig"; sourceTree = "<group>"; };
		5E537F121FB1337A0087B309 /* backItemImage@2x.png */ = {isa = PBXFileReference; lastKnownFileType = image.png; path = "backItemImage@2x.png"; sourceTree = "<group>"; };
		5E537F131FB1337A0087B309 /* backItemImage_hl@2x.png */ = {isa = PBXFileReference; lastKnownFileType = image.png; path = "backItemImage_hl@2x.png"; sourceTree = "<group>"; };
		5E537F191FB1337A0087B309 /* RxWebViewController.h */ = {isa = PBXFileReference; fileEncoding = 4; lastKnownFileType = sourcecode.c.h; path = RxWebViewController.h; sourceTree = "<group>"; };
		5E537F1A1FB1337A0087B309 /* RxWebViewController.m */ = {isa = PBXFileReference; fileEncoding = 4; lastKnownFileType = sourcecode.c.objc; path = RxWebViewController.m; sourceTree = "<group>"; };
		5E537F1B1FB1337A0087B309 /* RxWebViewNavigationViewController.h */ = {isa = PBXFileReference; fileEncoding = 4; lastKnownFileType = sourcecode.c.h; path = RxWebViewNavigationViewController.h; sourceTree = "<group>"; };
		5E537F1C1FB1337A0087B309 /* RxWebViewNavigationViewController.m */ = {isa = PBXFileReference; fileEncoding = 4; lastKnownFileType = sourcecode.c.objc; path = RxWebViewNavigationViewController.m; sourceTree = "<group>"; };
		AEA3F761CD0515197C0C4DB2 /* Pods-Dmeo4.release.xcconfig */ = {isa = PBXFileReference; includeInIndex = 1; lastKnownFileType = text.xcconfig; name = "Pods-Dmeo4.release.xcconfig"; path = "Pods/Target Support Files/Pods-Dmeo4/Pods-Dmeo4.release.xcconfig"; sourceTree = "<group>"; };
		C57E191C59B927DAFD00D74D /* libPods-Dmeo4.a */ = {isa = PBXFileReference; explicitFileType = archive.ar; includeInIndex = 0; path = "libPods-Dmeo4.a"; sourceTree = BUILT_PRODUCTS_DIR; };
		CE5D74A61FB1522100C7C832 /* XKNavigationController.h */ = {isa = PBXFileReference; lastKnownFileType = sourcecode.c.h; path = XKNavigationController.h; sourceTree = "<group>"; };
		CE5D74A71FB1522100C7C832 /* XKNavigationController.m */ = {isa = PBXFileReference; lastKnownFileType = sourcecode.c.objc; path = XKNavigationController.m; sourceTree = "<group>"; };
		CE5D74A91FB16EAD00C7C832 /* PrefixHeader.pch */ = {isa = PBXFileReference; lastKnownFileType = sourcecode.c.h; path = PrefixHeader.pch; sourceTree = "<group>"; };
		CE5D74B11FB18B2F00C7C832 /* XKCommonShareChannelSelectionView.h */ = {isa = PBXFileReference; fileEncoding = 4; lastKnownFileType = sourcecode.c.h; path = XKCommonShareChannelSelectionView.h; sourceTree = "<group>"; };
		CE5D74B21FB18B2F00C7C832 /* XKCommonShareChannelSelectionView.m */ = {isa = PBXFileReference; fileEncoding = 4; lastKnownFileType = sourcecode.c.objc; path = XKCommonShareChannelSelectionView.m; sourceTree = "<group>"; };
		CE5D74B31FB18B2F00C7C832 /* XKShareButton.h */ = {isa = PBXFileReference; fileEncoding = 4; lastKnownFileType = sourcecode.c.h; path = XKShareButton.h; sourceTree = "<group>"; };
		CE5D74B41FB18B2F00C7C832 /* XKShareButton.m */ = {isa = PBXFileReference; fileEncoding = 4; lastKnownFileType = sourcecode.c.objc; path = XKShareButton.m; sourceTree = "<group>"; };
		CEB4FB491FB089F6001B59E1 /* Dmeo4.app */ = {isa = PBXFileReference; explicitFileType = wrapper.application; includeInIndex = 0; path = Dmeo4.app; sourceTree = BUILT_PRODUCTS_DIR; };
		CEB4FB4C1FB089F6001B59E1 /* AppDelegate.h */ = {isa = PBXFileReference; lastKnownFileType = sourcecode.c.h; path = AppDelegate.h; sourceTree = "<group>"; };
		CEB4FB4D1FB089F6001B59E1 /* AppDelegate.m */ = {isa = PBXFileReference; lastKnownFileType = sourcecode.c.objc; path = AppDelegate.m; sourceTree = "<group>"; };
		CEB4FB4F1FB089F6001B59E1 /* ViewController.h */ = {isa = PBXFileReference; lastKnownFileType = sourcecode.c.h; path = ViewController.h; sourceTree = "<group>"; };
		CEB4FB501FB089F6001B59E1 /* ViewController.m */ = {isa = PBXFileReference; lastKnownFileType = sourcecode.c.objc; path = ViewController.m; sourceTree = "<group>"; };
		CEB4FB531FB089F6001B59E1 /* Base */ = {isa = PBXFileReference; lastKnownFileType = file.storyboard; name = Base; path = Base.lproj/Main.storyboard; sourceTree = "<group>"; };
		CEB4FB551FB089F6001B59E1 /* Assets.xcassets */ = {isa = PBXFileReference; lastKnownFileType = folder.assetcatalog; path = Assets.xcassets; sourceTree = "<group>"; };
		CEB4FB581FB089F6001B59E1 /* Base */ = {isa = PBXFileReference; lastKnownFileType = file.storyboard; name = Base; path = Base.lproj/LaunchScreen.storyboard; sourceTree = "<group>"; };
		CEB4FB5A1FB089F6001B59E1 /* Info.plist */ = {isa = PBXFileReference; lastKnownFileType = text.plist.xml; path = Info.plist; sourceTree = "<group>"; };
		CEB4FB5B1FB089F6001B59E1 /* main.m */ = {isa = PBXFileReference; lastKnownFileType = sourcecode.c.objc; path = main.m; sourceTree = "<group>"; };
		CEB4FB641FB08D0E001B59E1 /* NJKWebViewProgress.h */ = {isa = PBXFileReference; fileEncoding = 4; lastKnownFileType = sourcecode.c.h; path = NJKWebViewProgress.h; sourceTree = "<group>"; };
		CEB4FB651FB08D0E001B59E1 /* NJKWebViewProgress.m */ = {isa = PBXFileReference; fileEncoding = 4; lastKnownFileType = sourcecode.c.objc; path = NJKWebViewProgress.m; sourceTree = "<group>"; };
		CEB4FB661FB08D0E001B59E1 /* NJKWebViewProgressView.h */ = {isa = PBXFileReference; fileEncoding = 4; lastKnownFileType = sourcecode.c.h; path = NJKWebViewProgressView.h; sourceTree = "<group>"; };
		CEB4FB671FB08D0E001B59E1 /* NJKWebViewProgressView.m */ = {isa = PBXFileReference; fileEncoding = 4; lastKnownFileType = sourcecode.c.objc; path = NJKWebViewProgressView.m; sourceTree = "<group>"; };
		CEB4FB6A1FB08D3E001B59E1 /* XKWebViewController.h */ = {isa = PBXFileReference; lastKnownFileType = sourcecode.c.h; path = XKWebViewController.h; sourceTree = "<group>"; };
		CEB4FB6B1FB08D3E001B59E1 /* XKWebViewController.m */ = {isa = PBXFileReference; lastKnownFileType = sourcecode.c.objc; path = XKWebViewController.m; sourceTree = "<group>"; };
/* End PBXFileReference section */

/* Begin PBXFrameworksBuildPhase section */
		CEB4FB461FB089F6001B59E1 /* Frameworks */ = {
			isa = PBXFrameworksBuildPhase;
			buildActionMask = 2147483647;
			files = (
				7A4387695A195F5CD62737C1 /* libPods-Dmeo4.a in Frameworks */,
			);
			runOnlyForDeploymentPostprocessing = 0;
		};
/* End PBXFrameworksBuildPhase section */

/* Begin PBXGroup section */
		1E7F92A5A28AC4CDFA37986A /* Frameworks */ = {
			isa = PBXGroup;
			children = (
				C57E191C59B927DAFD00D74D /* libPods-Dmeo4.a */,
			);
			name = Frameworks;
			sourceTree = "<group>";
		};
		5E537F111FB1337A0087B309 /* RxWebViewController */ = {
			isa = PBXGroup;
			children = (
				5E537F121FB1337A0087B309 /* backItemImage@2x.png */,
				5E537F131FB1337A0087B309 /* backItemImage_hl@2x.png */,
				5E537F191FB1337A0087B309 /* RxWebViewController.h */,
				5E537F1A1FB1337A0087B309 /* RxWebViewController.m */,
				5E537F1B1FB1337A0087B309 /* RxWebViewNavigationViewController.h */,
				5E537F1C1FB1337A0087B309 /* RxWebViewNavigationViewController.m */,
			);
			path = RxWebViewController;
			sourceTree = "<group>";
		};
		CE5D74B01FB18B2F00C7C832 /* CustomView */ = {
			isa = PBXGroup;
			children = (
				CE5D74B11FB18B2F00C7C832 /* XKCommonShareChannelSelectionView.h */,
				CE5D74B21FB18B2F00C7C832 /* XKCommonShareChannelSelectionView.m */,
				CE5D74B31FB18B2F00C7C832 /* XKShareButton.h */,
				CE5D74B41FB18B2F00C7C832 /* XKShareButton.m */,
			);
			path = CustomView;
			sourceTree = "<group>";
		};
		CEB4FB401FB089F6001B59E1 = {
			isa = PBXGroup;
			children = (
				CEB4FB4B1FB089F6001B59E1 /* Dmeo4 */,
				CEB4FB4A1FB089F6001B59E1 /* Products */,
				F0F13A1C3D58AD18EFD1F2DD /* Pods */,
				1E7F92A5A28AC4CDFA37986A /* Frameworks */,
			);
			sourceTree = "<group>";
		};
		CEB4FB4A1FB089F6001B59E1 /* Products */ = {
			isa = PBXGroup;
			children = (
				CEB4FB491FB089F6001B59E1 /* Dmeo4.app */,
			);
			name = Products;
			sourceTree = "<group>";
		};
		CEB4FB4B1FB089F6001B59E1 /* Dmeo4 */ = {
			isa = PBXGroup;
			children = (
				5E537F111FB1337A0087B309 /* RxWebViewController */,
				CEB4FB621FB08D0E001B59E1 /* XKWebViewController */,
				CEB4FB4C1FB089F6001B59E1 /* AppDelegate.h */,
				CEB4FB4D1FB089F6001B59E1 /* AppDelegate.m */,
				CEB4FB4F1FB089F6001B59E1 /* ViewController.h */,
				CEB4FB501FB089F6001B59E1 /* ViewController.m */,
				CEB4FB521FB089F6001B59E1 /* Main.storyboard */,
				CEB4FB551FB089F6001B59E1 /* Assets.xcassets */,
				CEB4FB571FB089F6001B59E1 /* LaunchScreen.storyboard */,
				CEB4FB5A1FB089F6001B59E1 /* Info.plist */,
				CE5D74A91FB16EAD00C7C832 /* PrefixHeader.pch */,
				CEB4FB5B1FB089F6001B59E1 /* main.m */,
			);
			path = Dmeo4;
			sourceTree = "<group>";
		};
		CEB4FB621FB08D0E001B59E1 /* XKWebViewController */ = {
			isa = PBXGroup;
			children = (
				CE5D74B01FB18B2F00C7C832 /* CustomView */,
				CEB4FB631FB08D0E001B59E1 /* NJKWebViewProgress */,
				CEB4FB6A1FB08D3E001B59E1 /* XKWebViewController.h */,
				CEB4FB6B1FB08D3E001B59E1 /* XKWebViewController.m */,
				CE5D74A61FB1522100C7C832 /* XKNavigationController.h */,
				CE5D74A71FB1522100C7C832 /* XKNavigationController.m */,
			);
			path = XKWebViewController;
			sourceTree = "<group>";
		};
		CEB4FB631FB08D0E001B59E1 /* NJKWebViewProgress */ = {
			isa = PBXGroup;
			children = (
				CEB4FB641FB08D0E001B59E1 /* NJKWebViewProgress.h */,
				CEB4FB651FB08D0E001B59E1 /* NJKWebViewProgress.m */,
				CEB4FB661FB08D0E001B59E1 /* NJKWebViewProgressView.h */,
				CEB4FB671FB08D0E001B59E1 /* NJKWebViewProgressView.m */,
			);
			path = NJKWebViewProgress;
			sourceTree = "<group>";
		};
		F0F13A1C3D58AD18EFD1F2DD /* Pods */ = {
			isa = PBXGroup;
			children = (
				36DE26770A608FC29DA87ED9 /* Pods-Dmeo4.debug.xcconfig */,
				AEA3F761CD0515197C0C4DB2 /* Pods-Dmeo4.release.xcconfig */,
			);
			name = Pods;
			sourceTree = "<group>";
		};
/* End PBXGroup section */

/* Begin PBXNativeTarget section */
		CEB4FB481FB089F6001B59E1 /* Dmeo4 */ = {
			isa = PBXNativeTarget;
			buildConfigurationList = CEB4FB5F1FB089F6001B59E1 /* Build configuration list for PBXNativeTarget "Dmeo4" */;
			buildPhases = (
				6246F1A487B0893469C706E3 /* [CP] Check Pods Manifest.lock */,
				CEB4FB451FB089F6001B59E1 /* Sources */,
				CEB4FB461FB089F6001B59E1 /* Frameworks */,
				CEB4FB471FB089F6001B59E1 /* Resources */,
				7EE6314DEE4C1DA6381BE8DD /* [CP] Embed Pods Frameworks */,
				30172517EEF6C6D94F1EC9C6 /* [CP] Copy Pods Resources */,
			);
			buildRules = (
			);
			dependencies = (
			);
			name = Dmeo4;
			productName = Dmeo4;
			productReference = CEB4FB491FB089F6001B59E1 /* Dmeo4.app */;
			productType = "com.apple.product-type.application";
		};
/* End PBXNativeTarget section */

/* Begin PBXProject section */
		CEB4FB411FB089F6001B59E1 /* Project object */ = {
			isa = PBXProject;
			attributes = {
				LastUpgradeCheck = 0900;
				ORGANIZATIONNAME = User;
				TargetAttributes = {
					CEB4FB481FB089F6001B59E1 = {
						CreatedOnToolsVersion = 9.0;
						ProvisioningStyle = Automatic;
					};
				};
			};
			buildConfigurationList = CEB4FB441FB089F6001B59E1 /* Build configuration list for PBXProject "Dmeo4" */;
			compatibilityVersion = "Xcode 8.0";
			developmentRegion = en;
			hasScannedForEncodings = 0;
			knownRegions = (
				en,
				Base,
			);
			mainGroup = CEB4FB401FB089F6001B59E1;
			productRefGroup = CEB4FB4A1FB089F6001B59E1 /* Products */;
			projectDirPath = "";
			projectRoot = "";
			targets = (
				CEB4FB481FB089F6001B59E1 /* Dmeo4 */,
			);
		};
/* End PBXProject section */

/* Begin PBXResourcesBuildPhase section */
		CEB4FB471FB089F6001B59E1 /* Resources */ = {
			isa = PBXResourcesBuildPhase;
			buildActionMask = 2147483647;
			files = (
				5E537F1D1FB133800087B309 /* backItemImage@2x.png in Resources */,
				5E537F1E1FB133800087B309 /* backItemImage_hl@2x.png in Resources */,
				CEB4FB591FB089F6001B59E1 /* LaunchScreen.storyboard in Resources */,
				CEB4FB561FB089F6001B59E1 /* Assets.xcassets in Resources */,
				CEB4FB541FB089F6001B59E1 /* Main.storyboard in Resources */,
			);
			runOnlyForDeploymentPostprocessing = 0;
		};
/* End PBXResourcesBuildPhase section */

/* Begin PBXShellScriptBuildPhase section */
		30172517EEF6C6D94F1EC9C6 /* [CP] Copy Pods Resources */ = {
			isa = PBXShellScriptBuildPhase;
			buildActionMask = 2147483647;
			files = (
			);
			inputPaths = (
			);
			name = "[CP] Copy Pods Resources";
			outputPaths = (
			);
			runOnlyForDeploymentPostprocessing = 0;
			shellPath = /bin/sh;
			shellScript = "\"${SRCROOT}/Pods/Target Support Files/Pods-Dmeo4/Pods-Dmeo4-resources.sh\"\n";
			showEnvVarsInLog = 0;
		};
		6246F1A487B0893469C706E3 /* [CP] Check Pods Manifest.lock */ = {
			isa = PBXShellScriptBuildPhase;
			buildActionMask = 2147483647;
			files = (
			);
			inputPaths = (
				"${PODS_PODFILE_DIR_PATH}/Podfile.lock",
				"${PODS_ROOT}/Manifest.lock",
			);
			name = "[CP] Check Pods Manifest.lock";
			outputPaths = (
				"$(DERIVED_FILE_DIR)/Pods-Dmeo4-checkManifestLockResult.txt",
			);
			runOnlyForDeploymentPostprocessing = 0;
			shellPath = /bin/sh;
			shellScript = "diff \"${PODS_PODFILE_DIR_PATH}/Podfile.lock\" \"${PODS_ROOT}/Manifest.lock\" > /dev/null\nif [ $? != 0 ] ; then\n    # print error to STDERR\n    echo \"error: The sandbox is not in sync with the Podfile.lock. Run 'pod install' or update your CocoaPods installation.\" >&2\n    exit 1\nfi\n# This output is used by Xcode 'outputs' to avoid re-running this script phase.\necho \"SUCCESS\" > \"${SCRIPT_OUTPUT_FILE_0}\"\n";
			showEnvVarsInLog = 0;
		};
		7EE6314DEE4C1DA6381BE8DD /* [CP] Embed Pods Frameworks */ = {
			isa = PBXShellScriptBuildPhase;
			buildActionMask = 2147483647;
			files = (
			);
			inputPaths = (
			);
			name = "[CP] Embed Pods Frameworks";
			outputPaths = (
			);
			runOnlyForDeploymentPostprocessing = 0;
			shellPath = /bin/sh;
			shellScript = "\"${SRCROOT}/Pods/Target Support Files/Pods-Dmeo4/Pods-Dmeo4-frameworks.sh\"\n";
			showEnvVarsInLog = 0;
		};
/* End PBXShellScriptBuildPhase section */

/* Begin PBXSourcesBuildPhase section */
		CEB4FB451FB089F6001B59E1 /* Sources */ = {
			isa = PBXSourcesBuildPhase;
			buildActionMask = 2147483647;
			files = (
				CEB4FB681FB08D0E001B59E1 /* NJKWebViewProgress.m in Sources */,
				CEB4FB691FB08D0E001B59E1 /* NJKWebViewProgressView.m in Sources */,
				CEB4FB6C1FB08D3E001B59E1 /* XKWebViewController.m in Sources */,
				CEB4FB511FB089F6001B59E1 /* ViewController.m in Sources */,
				5E537F221FB133800087B309 /* RxWebViewNavigationViewController.m in Sources */,
				5E537F211FB133800087B309 /* RxWebViewController.m in Sources */,
				CE5D74B61FB18B2F00C7C832 /* XKShareButton.m in Sources */,
				CE5D74A81FB1522100C7C832 /* XKNavigationController.m in Sources */,
				CEB4FB5C1FB089F6001B59E1 /* main.m in Sources */,
				CEB4FB4E1FB089F6001B59E1 /* AppDelegate.m in Sources */,
				CE5D74B51FB18B2F00C7C832 /* XKCommonShareChannelSelectionView.m in Sources */,
			);
			runOnlyForDeploymentPostprocessing = 0;
		};
/* End PBXSourcesBuildPhase section */

/* Begin PBXVariantGroup section */
		CEB4FB521FB089F6001B59E1 /* Main.storyboard */ = {
			isa = PBXVariantGroup;
			children = (
				CEB4FB531FB089F6001B59E1 /* Base */,
			);
			name = Main.storyboard;
			sourceTree = "<group>";
		};
		CEB4FB571FB089F6001B59E1 /* LaunchScreen.storyboard */ = {
			isa = PBXVariantGroup;
			children = (
				CEB4FB581FB089F6001B59E1 /* Base */,
			);
			name = LaunchScreen.storyboard;
			sourceTree = "<group>";
		};
/* End PBXVariantGroup section */

/* Begin XCBuildConfiguration section */
		CEB4FB5D1FB089F6001B59E1 /* Debug */ = {
			isa = XCBuildConfiguration;
			buildSettings = {
				ALWAYS_SEARCH_USER_PATHS = NO;
				CLANG_ANALYZER_NONNULL = YES;
				CLANG_ANALYZER_NUMBER_OBJECT_CONVERSION = YES_AGGRESSIVE;
				CLANG_CXX_LANGUAGE_STANDARD = "gnu++14";
				CLANG_CXX_LIBRARY = "libc++";
				CLANG_ENABLE_MODULES = YES;
				CLANG_ENABLE_OBJC_ARC = YES;
				CLANG_WARN_BLOCK_CAPTURE_AUTORELEASING = YES;
				CLANG_WARN_BOOL_CONVERSION = YES;
				CLANG_WARN_COMMA = YES;
				CLANG_WARN_CONSTANT_CONVERSION = YES;
				CLANG_WARN_DIRECT_OBJC_ISA_USAGE = YES_ERROR;
				CLANG_WARN_DOCUMENTATION_COMMENTS = YES;
				CLANG_WARN_EMPTY_BODY = YES;
				CLANG_WARN_ENUM_CONVERSION = YES;
				CLANG_WARN_INFINITE_RECURSION = YES;
				CLANG_WARN_INT_CONVERSION = YES;
				CLANG_WARN_NON_LITERAL_NULL_CONVERSION = YES;
				CLANG_WARN_OBJC_LITERAL_CONVERSION = YES;
				CLANG_WARN_OBJC_ROOT_CLASS = YES_ERROR;
				CLANG_WARN_RANGE_LOOP_ANALYSIS = YES;
				CLANG_WARN_STRICT_PROTOTYPES = YES;
				CLANG_WARN_SUSPICIOUS_MOVE = YES;
				CLANG_WARN_UNGUARDED_AVAILABILITY = YES_AGGRESSIVE;
				CLANG_WARN_UNREACHABLE_CODE = YES;
				CLANG_WARN__DUPLICATE_METHOD_MATCH = YES;
				CODE_SIGN_IDENTITY = "iPhone Developer";
				COPY_PHASE_STRIP = NO;
				DEBUG_INFORMATION_FORMAT = dwarf;
				ENABLE_STRICT_OBJC_MSGSEND = YES;
				ENABLE_TESTABILITY = YES;
				GCC_C_LANGUAGE_STANDARD = gnu11;
				GCC_DYNAMIC_NO_PIC = NO;
				GCC_NO_COMMON_BLOCKS = YES;
				GCC_OPTIMIZATION_LEVEL = 0;
				GCC_PREPROCESSOR_DEFINITIONS = (
					"DEBUG=1",
					"$(inherited)",
				);
				GCC_WARN_64_TO_32_BIT_CONVERSION = YES;
				GCC_WARN_ABOUT_RETURN_TYPE = YES_ERROR;
				GCC_WARN_UNDECLARED_SELECTOR = YES;
				GCC_WARN_UNINITIALIZED_AUTOS = YES_AGGRESSIVE;
				GCC_WARN_UNUSED_FUNCTION = YES;
				GCC_WARN_UNUSED_VARIABLE = YES;
				IPHONEOS_DEPLOYMENT_TARGET = 9.0;
				MTL_ENABLE_DEBUG_INFO = YES;
				ONLY_ACTIVE_ARCH = YES;
				SDKROOT = iphoneos;
			};
			name = Debug;
		};
		CEB4FB5E1FB089F6001B59E1 /* Release */ = {
			isa = XCBuildConfiguration;
			buildSettings = {
				ALWAYS_SEARCH_USER_PATHS = NO;
				CLANG_ANALYZER_NONNULL = YES;
				CLANG_ANALYZER_NUMBER_OBJECT_CONVERSION = YES_AGGRESSIVE;
				CLANG_CXX_LANGUAGE_STANDARD = "gnu++14";
				CLANG_CXX_LIBRARY = "libc++";
				CLANG_ENABLE_MODULES = YES;
				CLANG_ENABLE_OBJC_ARC = YES;
				CLANG_WARN_BLOCK_CAPTURE_AUTORELEASING = YES;
				CLANG_WARN_BOOL_CONVERSION = YES;
				CLANG_WARN_COMMA = YES;
				CLANG_WARN_CONSTANT_CONVERSION = YES;
				CLANG_WARN_DIRECT_OBJC_ISA_USAGE = YES_ERROR;
				CLANG_WARN_DOCUMENTATION_COMMENTS = YES;
				CLANG_WARN_EMPTY_BODY = YES;
				CLANG_WARN_ENUM_CONVERSION = YES;
				CLANG_WARN_INFINITE_RECURSION = YES;
				CLANG_WARN_INT_CONVERSION = YES;
				CLANG_WARN_NON_LITERAL_NULL_CONVERSION = YES;
				CLANG_WARN_OBJC_LITERAL_CONVERSION = YES;
				CLANG_WARN_OBJC_ROOT_CLASS = YES_ERROR;
				CLANG_WARN_RANGE_LOOP_ANALYSIS = YES;
				CLANG_WARN_STRICT_PROTOTYPES = YES;
				CLANG_WARN_SUSPICIOUS_MOVE = YES;
				CLANG_WARN_UNGUARDED_AVAILABILITY = YES_AGGRESSIVE;
				CLANG_WARN_UNREACHABLE_CODE = YES;
				CLANG_WARN__DUPLICATE_METHOD_MATCH = YES;
				CODE_SIGN_IDENTITY = "iPhone Developer";
				COPY_PHASE_STRIP = NO;
				DEBUG_INFORMATION_FORMAT = "dwarf-with-dsym";
				ENABLE_NS_ASSERTIONS = NO;
				ENABLE_STRICT_OBJC_MSGSEND = YES;
				GCC_C_LANGUAGE_STANDARD = gnu11;
				GCC_NO_COMMON_BLOCKS = YES;
				GCC_WARN_64_TO_32_BIT_CONVERSION = YES;
				GCC_WARN_ABOUT_RETURN_TYPE = YES_ERROR;
				GCC_WARN_UNDECLARED_SELECTOR = YES;
				GCC_WARN_UNINITIALIZED_AUTOS = YES_AGGRESSIVE;
				GCC_WARN_UNUSED_FUNCTION = YES;
				GCC_WARN_UNUSED_VARIABLE = YES;
				IPHONEOS_DEPLOYMENT_TARGET = 9.0;
				MTL_ENABLE_DEBUG_INFO = NO;
				SDKROOT = iphoneos;
				VALIDATE_PRODUCT = YES;
			};
			name = Release;
		};
		CEB4FB601FB089F6001B59E1 /* Debug */ = {
			isa = XCBuildConfiguration;
			baseConfigurationReference = 36DE26770A608FC29DA87ED9 /* Pods-Dmeo4.debug.xcconfig */;
			buildSettings = {
				ASSETCATALOG_COMPILER_APPICON_NAME = AppIcon;
				CODE_SIGN_STYLE = Automatic;
				DEVELOPMENT_TEAM = B2G72HF5QX;
				GCC_PRECOMPILE_PREFIX_HEADER = YES;
				GCC_PREFIX_HEADER = $SRCROOT/$PROJECT_NAME/PrefixHeader.pch;
				INFOPLIST_FILE = Dmeo4/Info.plist;
				LD_RUNPATH_SEARCH_PATHS = "$(inherited) @executable_path/Frameworks";
				PRODUCT_BUNDLE_IDENTIFIER = lv.Dmeo4;
				PRODUCT_NAME = "$(TARGET_NAME)";
				TARGETED_DEVICE_FAMILY = "1,2";
			};
			name = Debug;
		};
		CEB4FB611FB089F6001B59E1 /* Release */ = {
			isa = XCBuildConfiguration;
			baseConfigurationReference = AEA3F761CD0515197C0C4DB2 /* Pods-Dmeo4.release.xcconfig */;
			buildSettings = {
				ASSETCATALOG_COMPILER_APPICON_NAME = AppIcon;
				CODE_SIGN_STYLE = Automatic;
				DEVELOPMENT_TEAM = B2G72HF5QX;
				GCC_PRECOMPILE_PREFIX_HEADER = YES;
				GCC_PREFIX_HEADER = $SRCROOT/$PROJECT_NAME/PrefixHeader.pch;
				INFOPLIST_FILE = Dmeo4/Info.plist;
				LD_RUNPATH_SEARCH_PATHS = "$(inherited) @executable_path/Frameworks";
				PRODUCT_BUNDLE_IDENTIFIER = lv.Dmeo4;
				PRODUCT_NAME = "$(TARGET_NAME)";
				TARGETED_DEVICE_FAMILY = "1,2";
			};
			name = Release;
		};
/* End XCBuildConfiguration section */

/* Begin XCConfigurationList section */
		CEB4FB441FB089F6001B59E1 /* Build configuration list for PBXProject "Dmeo4" */ = {
			isa = XCConfigurationList;
			buildConfigurations = (
				CEB4FB5D1FB089F6001B59E1 /* Debug */,
				CEB4FB5E1FB089F6001B59E1 /* Release */,
			);
			defaultConfigurationIsVisible = 0;
			defaultConfigurationName = Release;
		};
		CEB4FB5F1FB089F6001B59E1 /* Build configuration list for PBXNativeTarget "Dmeo4" */ = {
			isa = XCConfigurationList;
			buildConfigurations = (
				CEB4FB601FB089F6001B59E1 /* Debug */,
				CEB4FB611FB089F6001B59E1 /* Release */,
			);
			defaultConfigurationIsVisible = 0;
			defaultConfigurationName = Release;
		};
/* End XCConfigurationList section */
	};
	rootObject = CEB4FB411FB089F6001B59E1 /* Project object */;
}
